{
  "name": "@ndflexcore/angular-editor",
  "version": "1.0.52",
  "lockfileVersion": 1,
  "requires": true,
  "dependencies": {
    "ngx-color-picker": {
      "version": "11.0.0",
      "resolved": "https://registry.npmjs.org/ngx-color-picker/-/ngx-color-picker-11.0.0.tgz",
      "integrity": "sha512-HyiFNPYLrCyYbFpLvZJaHC43RhjfDdFDij4pnvk9R46iH1scVtO6f2ibBgxRwBKKsT94KYvOH8wF8OrvztWdEw==",
      "requires": {
        "tslib": "^2.0.0"
      }
    },
    "tslib": {
      "version": "2.1.0",
      "resolved": "https://registry.npmjs.org/tslib/-/tslib-2.1.0.tgz",
      "integrity": "sha512-hcVC3wYEziELGGmEEXue7D75zbwIIVUMWAVbHItGPx0ziyXxrOMQx4rQEVEV45Ut/1IotuEvwqPopzIOkDMf0A=="
    }
  }
}
